<?xml version="1.0" encoding="UTF-8" standalone="yes" ?>
<CodeBlocks_project_file>
	<FileVersion major="1" minor="6" />
	<Project>
		<Option title="survivialist" />
		<Option pch_mode="2" />
		<Option compiler="gcc" />
		<Build>
			<Target title="Debug">
				<Option output="bin/Debug/survivialist" prefix_auto="1" extension_auto="1" />
				<Option object_output="obj/Debug/" />
				<Option type="1" />
				<Option compiler="gcc" />
				<Compiler>
					<Add option="-g" />
				</Compiler>
			</Target>
			<Target title="Release">
				<Option output="bin/Release/survivialist" prefix_auto="1" extension_auto="1" />
				<Option object_output="obj/Release/" />
				<Option type="1" />
				<Option compiler="gcc" />
				<Compiler>
					<Add option="-O2" />
				</Compiler>
				<Linker>
					<Add option="-s" />
				</Linker>
			</Target>
		</Build>
		<Compiler>
			<Add option="-Wall" />
			<Add option="-fexceptions" />
		</Compiler>
		<Unit filename="animation.cpp" />
		<Unit filename="animation.h" />
		<Unit filename="enginecontrol.cpp" />
		<Unit filename="enginecontrol.h" />
		<Unit filename="engineobjects.cpp" />
		<Unit filename="engineobjects.h" />
		<Unit filename="gameplayengine.cpp" />
		<Unit filename="gameplayengine.h" />
		<Unit filename="main.cpp" />
		<Unit filename="texturetools.cpp" />
		<Unit filename="texturetools.h" />
		<Unit filename="timetools.cpp" />
		<Unit filename="timetools.h" />
		<Extensions>
			<code_completion />
			<envvars />
			<debugger />
			<lib_finder disable_auto="1" />
		</Extensions>
	</Project>
</CodeBlocks_project_file>
